{
  "name": "gql2ts-bug",
  "version": "1.0.0",
  "lockfileVersion": 1,
  "requires": true,
  "dependencies": {
    "@gql2ts/from-query": {
      "version": "1.7.0",
      "resolved": "https://registry.npmjs.org/@gql2ts/from-query/-/from-query-1.7.0.tgz",
      "integrity": "sha512-fP4q4Oku8tz09VXFpbRVWu+/7usHF1AOll/GHOoKkRWRo5I0P/GY4daE1xU9uxLiYSL3+HKfOp16nFECQfqavw==",
      "dev": true,
      "requires": {
        "@gql2ts/language-typescript": "1.7.0",
        "@gql2ts/util": "1.7.0"
      }
    },
    "@gql2ts/from-schema": {
      "version": "1.7.1",
      "resolved": "https://registry.npmjs.org/@gql2ts/from-schema/-/from-schema-1.7.1.tgz",
      "integrity": "sha512-Cl0/7gHKQsMXs13UoYLzm3wTuPPtceymK6x6Tcnnv38uNUWEs79xgsFWQB9XBxiGDUKdP6nBSIJWixTI6mJSXQ==",
      "dev": true,
      "requires": {
        "@gql2ts/language-typescript": "1.7.0",
        "@gql2ts/util": "1.7.0",
        "dedent": "0.7.0",
        "graphql": "0.13.2"
      }
    },
    "@gql2ts/language-typescript": {
      "version": "1.7.0",
      "resolved": "https://registry.npmjs.org/@gql2ts/language-typescript/-/language-typescript-1.7.0.tgz",
      "integrity": "sha512-XzGROK4AXItotBtUn6K015VEQhZHak/X7FG+ACcqQ6uY7c8J/hr0OruYS5i5AhLPmwAGAk6uzbp6g26fRo/rkA==",
      "dev": true,
      "requires": {
        "@gql2ts/util": "1.7.0",
        "humps": "2.0.1",
        "typescript": "2.7.2"
      }
    },
    "@gql2ts/util": {
      "version": "1.7.0",
      "resolved": "https://registry.npmjs.org/@gql2ts/util/-/util-1.7.0.tgz",
      "integrity": "sha512-bI956JZwaE9N5yO/YvbcPAFwxIKjJAJtpHo8HU/ieximp01TYmdx42gbwFhll0X3wqmtIp81rxwiijz2iWZXpA==",
      "dev": true
    },
    "commander": {
      "version": "2.15.1",
      "resolved": "https://registry.npmjs.org/commander/-/commander-2.15.1.tgz",
      "integrity": "sha512-VlfT9F3V0v+jr4yxPc5gg9s62/fIVWsd2Bk2iD435um1NlGMYdVCq+MjcXnhYq2icNOizHr1kK+5TI6H0Hy0ag==",
      "dev": true
    },
    "dedent": {
      "version": "0.7.0",
      "resolved": "https://registry.npmjs.org/dedent/-/dedent-0.7.0.tgz",
      "integrity": "sha1-JJXduvbrh0q7Dhvp3yLS5aVEMmw=",
      "dev": true
    },
    "gql2ts": {
      "version": "1.7.1",
      "resolved": "https://registry.npmjs.org/gql2ts/-/gql2ts-1.7.1.tgz",
      "integrity": "sha512-Dm5gau3M6prIZOUgLb9jzUqUL+R96xTfDXmMCMqdXtcsyzeMB5cOvA4VhLolDF/bMlA6gStBu7+3rUrfN/+sDw==",
      "dev": true,
      "requires": {
        "@gql2ts/from-query": "1.7.0",
        "@gql2ts/from-schema": "1.7.1",
        "@gql2ts/util": "1.7.0",
        "commander": "2.15.1",
        "graphql": "0.13.2"
      }
    },
    "graphql": {
      "version": "0.13.2",
      "resolved": "https://registry.npmjs.org/graphql/-/graphql-0.13.2.tgz",
      "integrity": "sha512-QZ5BL8ZO/B20VA8APauGBg3GyEgZ19eduvpLWoq5x7gMmWnHoy8rlQWPLmWgFvo1yNgjSEFMesmS4R6pPr7xog==",
      "dev": true,
      "requires": {
        "iterall": "1.2.2"
      }
    },
    "humps": {
      "version": "2.0.1",
      "resolved": "https://registry.npmjs.org/humps/-/humps-2.0.1.tgz",
      "integrity": "sha1-3QLqYIG9BWjcXQcxhEY5V7qe+ao=",
      "dev": true
    },
    "iterall": {
      "version": "1.2.2",
      "resolved": "https://registry.npmjs.org/iterall/-/iterall-1.2.2.tgz",
      "integrity": "sha512-yynBb1g+RFUPY64fTrFv7nsjRrENBQJaX2UL+2Szc9REFrSNm1rpSXHGzhmAy7a9uv3vlvgBlXnf9RqmPH1/DA==",
      "dev": true
    },
    "prettier": {
      "version": "1.11.1",
      "resolved": "https://registry.npmjs.org/prettier/-/prettier-1.11.1.tgz",
      "integrity": "sha512-T/KD65Ot0PB97xTrG8afQ46x3oiVhnfGjGESSI9NWYcG92+OUPZKkwHqGWXH2t9jK1crnQjubECW0FuOth+hxw==",
      "dev": true
    },
    "typescript": {
      "version": "2.7.2",
      "resolved": "https://registry.npmjs.org/typescript/-/typescript-2.7.2.tgz",
      "integrity": "sha512-p5TCYZDAO0m4G344hD+wx/LATebLWZNkkh2asWUFqSsD2OrDNhbAHuSjobrmsUmdzjJjEeZVU9g1h3O6vpstnw==",
      "dev": true
    }
  }
}
